{
    "_readme": [
        "This file locks the dependencies of your project to a known state",
        "Read more about it at https://getcomposer.org/doc/01-basic-usage.md#composer-lock-the-lock-file",
        "This file is @generated automatically"
    ],
    "content-hash": "5c0b77c2b5992a99ba68384b2caaa5d6",
    "packages": [
        {
            "name": "php-ai/php-ml",
            "version": "0.6.2",
            "source": {
                "type": "git",
                "url": "https://github.com/php-ai/php-ml.git",
                "reference": "83f3e8de7021d58297f5357cfeb293a347a2fa39"
            },
            "dist": {
                "type": "zip",
                "url": "https://api.github.com/repos/php-ai/php-ml/zipball/83f3e8de7021d58297f5357cfeb293a347a2fa39",
                "reference": "83f3e8de7021d58297f5357cfeb293a347a2fa39",
                "shasum": ""
            },
            "require": {
                "php": "^7.1"
            },
            "require-dev": {
                "phpstan/phpstan-phpunit": "^0.9.4",
                "phpstan/phpstan-shim": "^0.9",
                "phpstan/phpstan-strict-rules": "^0.9.0",
                "phpunit/phpunit": "^7.0.0",
                "symplify/coding-standard": "^3.1",
                "symplify/easy-coding-standard": "^3.1"
            },
            "type": "library",
            "autoload": {
                "psr-4": {
                    "Phpml\\": "src/"
                }
            },
            "notification-url": "https://packagist.org/downloads/",
            "license": [
                "MIT"
            ],
            "authors": [
                {
                    "name": "Arkadiusz Kondas",
                    "email": "arkadiusz.kondas@gmail.com"
                }
            ],
            "description": "PHP-ML - Machine Learning library for PHP",
            "homepage": "https://github.com/php-ai/php-ml",
            "keywords": [
                "Neural network",
                "artificial intelligence",
                "computational learning theory",
                "data science",
                "feature extraction",
                "machine learning",
                "pattern recognition"
            ],
            "time": "2018-02-22T16:06:31+00:00"
        }
    ],
    "packages-dev": [],
    "aliases": [],
    "minimum-stability": "stable",
    "stability-flags": [],
    "prefer-stable": false,
    "prefer-lowest": false,
    "platform": [],
    "platform-dev": []
}
